<?xml version="1.0" encoding="utf-8"?>
<Project ToolsVersion="4.0" xmlns="http://schemas.microsoft.com/developer/msbuild/2003">
  <ItemGroup>
    <Filter Include="源文件">
      <UniqueIdentifier>{4FC737F1-C7A5-4376-A066-2A32D752A2FF}</UniqueIdentifier>
      <Extensions>cpp;c;cc;cxx;def;odl;idl;hpj;bat;asm;asmx</Extensions>
    </Filter>
    <Filter Include="头文件">
      <UniqueIdentifier>{93995380-89BD-4b04-88EB-625FBE52EBFB}</UniqueIdentifier>
      <Extensions>h;hh;hpp;hxx;hm;inl;inc;ipp;xsd</Extensions>
    </Filter>
    <Filter Include="资源文件">
      <UniqueIdentifier>{67DA6AB6-F800-4c08-8B7A-83BB121AAD01}</UniqueIdentifier>
      <Extensions>rc;ico;cur;bmp;dlg;rc2;rct;bin;rgs;gif;jpg;jpeg;jpe;resx;tiff;tif;png;wav;mfcribbon-ms</Extensions>
    </Filter>
    <Filter Include="重写控件">
      <UniqueIdentifier>{476b0088-5a08-4c04-af41-397f23c6743b}</UniqueIdentifier>
    </Filter>
    <Filter Include="配置读取">
      <UniqueIdentifier>{8cd661d2-1faa-45d7-bb15-62aa4ca09e28}</UniqueIdentifier>
    </Filter>
  </ItemGroup>
  <ItemGroup>
    <ClInclude Include="CcRemote.h">
      <Filter>头文件</Filter>
    </ClInclude>
    <ClInclude Include="CcRemoteDlg.h">
      <Filter>头文件</Filter>
    </ClInclude>
    <ClInclude Include="framework.h">
      <Filter>头文件</Filter>
    </ClInclude>
    <ClInclude Include="targetver.h">
      <Filter>头文件</Filter>
    </ClInclude>
    <ClInclude Include="Resource.h">
      <Filter>头文件</Filter>
    </ClInclude>
    <ClInclude Include="pch.h">
      <Filter>头文件</Filter>
    </ClInclude>
    <ClInclude Include="PublicStruct.h">
      <Filter>头文件</Filter>
    </ClInclude>
    <ClInclude Include="TrueColorToolBar.h">
      <Filter>重写控件</Filter>
    </ClInclude>
    <ClInclude Include="include\Buffer.h">
      <Filter>头文件</Filter>
    </ClInclude>
    <ClInclude Include="include\CpuUsage.h">
      <Filter>头文件</Filter>
    </ClInclude>
    <ClInclude Include="include\IOCPServer.h">
      <Filter>头文件</Filter>
    </ClInclude>
    <ClInclude Include="include\Mapper.h">
      <Filter>头文件</Filter>
    </ClInclude>
    <ClInclude Include="IniFile.h">
      <Filter>配置读取</Filter>
    </ClInclude>
    <ClInclude Include="CSettingDlg.h">
      <Filter>头文件</Filter>
    </ClInclude>
    <ClInclude Include="..\..\common\macros.h">
      <Filter>头文件</Filter>
    </ClInclude>
    <ClInclude Include="SEU_QQwry.h">
      <Filter>头文件</Filter>
    </ClInclude>
    <ClInclude Include="CShellDlg.h">
      <Filter>头文件</Filter>
    </ClInclude>
    <ClInclude Include="CSystemDlg.h">
      <Filter>头文件</Filter>
    </ClInclude>
    <ClInclude Include="CScreenSpyDlg.h">
      <Filter>头文件</Filter>
    </ClInclude>
    <ClInclude Include="CFileManagerDlg.h">
      <Filter>头文件</Filter>
    </ClInclude>
    <ClInclude Include="FileTransferModeDlg.h">
      <Filter>头文件</Filter>
    </ClInclude>
    <ClInclude Include="InputDlg.h">
      <Filter>源文件</Filter>
    </ClInclude>
    <ClInclude Include="CAudioDlg.h">
      <Filter>头文件</Filter>
    </ClInclude>
    <ClInclude Include="..\..\common\Audio.h">
      <Filter>头文件</Filter>
    </ClInclude>
  </ItemGroup>
  <ItemGroup>
    <ClCompile Include="CcRemote.cpp">
      <Filter>源文件</Filter>
    </ClCompile>
    <ClCompile Include="pch.cpp">
      <Filter>源文件</Filter>
    </ClCompile>
    <ClCompile Include="CcRemoteDlg.cpp">
      <Filter>源文件</Filter>
    </ClCompile>
    <ClCompile Include="TrueColorToolBar.cpp">
      <Filter>重写控件</Filter>
    </ClCompile>
    <ClCompile Include="include\Buffer.cpp">
      <Filter>源文件</Filter>
    </ClCompile>
    <ClCompile Include="include\CpuUsage.cpp">
      <Filter>源文件</Filter>
    </ClCompile>
    <ClCompile Include="include\IOCPServer.cpp">
      <Filter>源文件</Filter>
    </ClCompile>
    <ClCompile Include="IniFile.cpp">
      <Filter>配置读取</Filter>
    </ClCompile>
    <ClCompile Include="CSettingDlg.cpp">
      <Filter>源文件</Filter>
    </ClCompile>
    <ClCompile Include="SEU_QQwry.cpp">
      <Filter>源文件</Filter>
    </ClCompile>
    <ClCompile Include="CShellDlg.cpp">
      <Filter>源文件</Filter>
    </ClCompile>
    <ClCompile Include="CSystemDlg.cpp">
      <Filter>源文件</Filter>
    </ClCompile>
    <ClCompile Include="CScreenSpyDlg.cpp">
      <Filter>源文件</Filter>
    </ClCompile>
    <ClCompile Include="CFileManagerDlg.cpp">
      <Filter>源文件</Filter>
    </ClCompile>
    <ClCompile Include="FileTransferModeDlg.cpp">
      <Filter>源文件</Filter>
    </ClCompile>
    <ClCompile Include="InputDlg.cpp">
      <Filter>源文件</Filter>
    </ClCompile>
    <ClCompile Include="CAudioDlg.cpp">
      <Filter>源文件</Filter>
    </ClCompile>
    <ClCompile Include="..\..\common\Audio.cpp">
      <Filter>源文件</Filter>
    </ClCompile>
  </ItemGroup>
  <ItemGroup>
    <ResourceCompile Include="CcRemote.rc">
      <Filter>资源文件</Filter>
    </ResourceCompile>
  </ItemGroup>
  <ItemGroup>
    <None Include="res\CcRemote.rc2">
      <Filter>资源文件</Filter>
    </None>
    <None Include="res\dot.cur">
      <Filter>资源文件</Filter>
    </None>
    <None Include="res\1.cur">
      <Filter>资源文件</Filter>
    </None>
    <None Include="res\2.cur">
      <Filter>资源文件</Filter>
    </None>
    <None Include="res\3.cur">
      <Filter>资源文件</Filter>
    </None>
    <None Include="res\4.cur">
      <Filter>资源文件</Filter>
    </None>
  </ItemGroup>
  <ItemGroup>
    <Image Include="res\CcRemote.ico">
      <Filter>资源文件</Filter>
    </Image>
    <Image Include="res\toolbar1.bmp">
      <Filter>资源文件</Filter>
    </Image>
    <Image Include="res\ToolBar_Main.bmp">
      <Filter>资源文件</Filter>
    </Image>
    <Image Include="res\cmdshell.ico">
      <Filter>资源文件</Filter>
    </Image>
    <Image Include="res\system.ico">
      <Filter>资源文件</Filter>
    </Image>
    <Image Include="res\background_picture.bmp">
      <Filter>资源文件</Filter>
    </Image>
    <Image Include="res\Bitmap_4.bmp">
      <Filter>资源文件</Filter>
    </Image>
    <Image Include="res\Bitmap_5.bmp">
      <Filter>资源文件</Filter>
    </Image>
    <Image Include="res\bmp00001.bmp">
      <Filter>资源文件</Filter>
    </Image>
    <Image Include="res\toolbar2.bmp">
      <Filter>资源文件</Filter>
    </Image>
    <Image Include="res\audio.ico">
      <Filter>资源文件</Filter>
    </Image>
  </ItemGroup>
</Project>