
Microsoft Visual Studio Solution File, Format Version 12.00
# Visual Studio 15
VisualStudioVersion = 15.0.28307.1022
MinimumVisualStudioVersion = 10.0.40219.1
Project("{8BC9CEB8-8B4A-11D0-8D11-00A0C91BC942}") = "strCodeTest", "strCodeTest\strCodeTest.vcxproj", "{BAFA92C5-CDFB-466D-9F8B-8857982F6C9C}"
EndProject
Global
	GlobalSection(SolutionConfigurationPlatforms) = preSolution
		Debug|x64 = Debug|x64
		Debug|x86 = Debug|x86
		Release|x64 = Release|x64
		Release|x86 = Release|x86
	EndGlobalSection
	GlobalSection(ProjectConfigurationPlatforms) = postSolution
		{BAFA92C5-CDFB-466D-9F8B-8857982F6C9C}.Debug|x64.ActiveCfg = Debug|x64
		{BAFA92C5-CDFB-466D-9F8B-8857982F6C9C}.Debug|x64.Build.0 = Debug|x64
		{BAFA92C5-CDFB-466D-9F8B-8857982F6C9C}.Debug|x86.ActiveCfg = Debug|Win32
		{BAFA92C5-CDFB-466D-9F8B-8857982F6C9C}.Debug|x86.Build.0 = Debug|Win32
		{BAFA92C5-CDFB-466D-9F8B-8857982F6C9C}.Release|x64.ActiveCfg = Release|x64
		{BAFA92C5-CDFB-466D-9F8B-8857982F6C9C}.Release|x64.Build.0 = Release|x64
		{BAFA92C5-CDFB-466D-9F8B-8857982F6C9C}.Release|x86.ActiveCfg = Release|Win32
		{BAFA92C5-CDFB-466D-9F8B-8857982F6C9C}.Release|x86.Build.0 = Release|Win32
	EndGlobalSection
	GlobalSection(SolutionProperties) = preSolution
		HideSolutionNode = FALSE
	EndGlobalSection
	GlobalSection(ExtensibilityGlobals) = postSolution
		SolutionGuid = {702339B7-C70C-4AF0-AFEF-5E6AEB03540F}
	EndGlobalSection
EndGlobal
