
Microsoft Visual Studio Solution File, Format Version 12.00
# Visual Studio 15
VisualStudioVersion = 15.0.28307.1082
MinimumVisualStudioVersion = 10.0.40219.1
Project("{8BC9CEB8-8B4A-11D0-8D11-00A0C91BC942}") = "CcRemote", "CcRemote\CcRemote.vcxproj", "{CAF40382-1923-4777-8E9E-6AA52EC16B10}"
EndProject
Global
	GlobalSection(SolutionConfigurationPlatforms) = preSolution
		Debug|x64 = Debug|x64
		Debug|x86 = Debug|x86
		Release|x64 = Release|x64
		Release|x86 = Release|x86
	EndGlobalSection
	GlobalSection(ProjectConfigurationPlatforms) = postSolution
		{CAF40382-1923-4777-8E9E-6AA52EC16B10}.Debug|x64.ActiveCfg = Debug|x64
		{CAF40382-1923-4777-8E9E-6AA52EC16B10}.Debug|x64.Build.0 = Debug|x64
		{CAF40382-1923-4777-8E9E-6AA52EC16B10}.Debug|x86.ActiveCfg = Debug|Win32
		{CAF40382-1923-4777-8E9E-6AA52EC16B10}.Debug|x86.Build.0 = Debug|Win32
		{CAF40382-1923-4777-8E9E-6AA52EC16B10}.Release|x64.ActiveCfg = Release|x64
		{CAF40382-1923-4777-8E9E-6AA52EC16B10}.Release|x64.Build.0 = Release|x64
		{CAF40382-1923-4777-8E9E-6AA52EC16B10}.Release|x86.ActiveCfg = Release|Win32
		{CAF40382-1923-4777-8E9E-6AA52EC16B10}.Release|x86.Build.0 = Release|Win32
	EndGlobalSection
	GlobalSection(SolutionProperties) = preSolution
		HideSolutionNode = FALSE
	EndGlobalSection
	GlobalSection(ExtensibilityGlobals) = postSolution
		SolutionGuid = {A3E9DC4A-0B78-4D15-8612-DB6FB4FD3683}
	EndGlobalSection
EndGlobal
