
Microsoft Visual Studio Solution File, Format Version 12.00
# Visual Studio 15
VisualStudioVersion = 15.0.28307.1082
MinimumVisualStudioVersion = 10.0.40219.1
Project("{8BC9CEB8-8B4A-11D0-8D11-00A0C91BC942}") = "CcMainDll", "CcMainDll\CcMainDll.vcxproj", "{912043E1-526F-4C23-AF8B-0D76C07F5723}"
EndProject
Project("{8BC9CEB8-8B4A-11D0-8D11-00A0C91BC942}") = "TestLoadDll", "TestLoadDll\TestLoadDll.vcxproj", "{7FD3FB3F-5E07-4F67-9A94-9A8507044D8B}"
EndProject
Project("{8BC9CEB8-8B4A-11D0-8D11-00A0C91BC942}") = "wsc", "wsc\wsc.vcxproj", "{ADC02516-39AD-43DE-95F9-1FC836CD34C3}"
EndProject
Global
	GlobalSection(SolutionConfigurationPlatforms) = preSolution
		Debug|x64 = Debug|x64
		Debug|x86 = Debug|x86
		Release|x64 = Release|x64
		Release|x86 = Release|x86
	EndGlobalSection
	GlobalSection(ProjectConfigurationPlatforms) = postSolution
		{912043E1-526F-4C23-AF8B-0D76C07F5723}.Debug|x64.ActiveCfg = Debug|x64
		{912043E1-526F-4C23-AF8B-0D76C07F5723}.Debug|x64.Build.0 = Debug|x64
		{912043E1-526F-4C23-AF8B-0D76C07F5723}.Debug|x86.ActiveCfg = Debug|Win32
		{912043E1-526F-4C23-AF8B-0D76C07F5723}.Debug|x86.Build.0 = Debug|Win32
		{912043E1-526F-4C23-AF8B-0D76C07F5723}.Release|x64.ActiveCfg = Release|x64
		{912043E1-526F-4C23-AF8B-0D76C07F5723}.Release|x64.Build.0 = Release|x64
		{912043E1-526F-4C23-AF8B-0D76C07F5723}.Release|x86.ActiveCfg = Release|Win32
		{912043E1-526F-4C23-AF8B-0D76C07F5723}.Release|x86.Build.0 = Release|Win32
		{7FD3FB3F-5E07-4F67-9A94-9A8507044D8B}.Debug|x64.ActiveCfg = Debug|x64
		{7FD3FB3F-5E07-4F67-9A94-9A8507044D8B}.Debug|x64.Build.0 = Debug|x64
		{7FD3FB3F-5E07-4F67-9A94-9A8507044D8B}.Debug|x86.ActiveCfg = Debug|Win32
		{7FD3FB3F-5E07-4F67-9A94-9A8507044D8B}.Debug|x86.Build.0 = Debug|Win32
		{7FD3FB3F-5E07-4F67-9A94-9A8507044D8B}.Release|x64.ActiveCfg = Release|x64
		{7FD3FB3F-5E07-4F67-9A94-9A8507044D8B}.Release|x64.Build.0 = Release|x64
		{7FD3FB3F-5E07-4F67-9A94-9A8507044D8B}.Release|x86.ActiveCfg = Release|Win32
		{7FD3FB3F-5E07-4F67-9A94-9A8507044D8B}.Release|x86.Build.0 = Release|Win32
		{ADC02516-39AD-43DE-95F9-1FC836CD34C3}.Debug|x64.ActiveCfg = Debug|x64
		{ADC02516-39AD-43DE-95F9-1FC836CD34C3}.Debug|x64.Build.0 = Debug|x64
		{ADC02516-39AD-43DE-95F9-1FC836CD34C3}.Debug|x86.ActiveCfg = Debug|Win32
		{ADC02516-39AD-43DE-95F9-1FC836CD34C3}.Debug|x86.Build.0 = Debug|Win32
		{ADC02516-39AD-43DE-95F9-1FC836CD34C3}.Release|x64.ActiveCfg = Release|x64
		{ADC02516-39AD-43DE-95F9-1FC836CD34C3}.Release|x64.Build.0 = Release|x64
		{ADC02516-39AD-43DE-95F9-1FC836CD34C3}.Release|x86.ActiveCfg = Release|Win32
		{ADC02516-39AD-43DE-95F9-1FC836CD34C3}.Release|x86.Build.0 = Release|Win32
	EndGlobalSection
	GlobalSection(SolutionProperties) = preSolution
		HideSolutionNode = FALSE
	EndGlobalSection
	GlobalSection(ExtensibilityGlobals) = postSolution
		SolutionGuid = {65608601-21C9-427B-B6B6-253BC293B2BA}
	EndGlobalSection
EndGlobal
